
Microsoft Visual Studio Solution File, Format Version 12.00
# Visual Studio Version 16
VisualStudioVersion = 16.0.30204.135
MinimumVisualStudioVersion = 10.0.40219.1
Project("{FAE04EC0-301F-11D3-BF4B-00C04F79EFBC}") = "CalculatorSample", "CalculatorSample\CalculatorSample.csproj", "{6A4DBDA1-7877-4150-9143-AA9DA26635B2}"
EndProject
Global
	GlobalSection(SolutionConfigurationPlatforms) = preSolution
		Debug|Any CPU = Debug|Any CPU
		Release|Any CPU = Release|Any CPU
	EndGlobalSection
	GlobalSection(ProjectConfigurationPlatforms) = postSolution
		{6A4DBDA1-7877-4150-9143-AA9DA26635B2}.Debug|Any CPU.ActiveCfg = Debug|Any CPU
		{6A4DBDA1-7877-4150-9143-AA9DA26635B2}.Debug|Any CPU.Build.0 = Debug|Any CPU
		{6A4DBDA1-7877-4150-9143-AA9DA26635B2}.Release|Any CPU.ActiveCfg = Release|Any CPU
		{6A4DBDA1-7877-4150-9143-AA9DA26635B2}.Release|Any CPU.Build.0 = Release|Any CPU
	EndGlobalSection
	GlobalSection(SolutionProperties) = preSolution
		HideSolutionNode = FALSE
	EndGlobalSection
	GlobalSection(ExtensibilityGlobals) = postSolution
		SolutionGuid = {5E021028-69F7-4478-94D4-F1CAD532BBDF}
	EndGlobalSection
EndGlobal
